{
  "version": 4,
  "terraform_version": "1.3.1",
  "serial": 9,
  "lineage": "31093e0b-eaa7-6bdc-a724-939eecb86d0b",
  "outputs": {
    "endpoint": {
      "value": "https://E2BEE0F4848CCCA8F5C2715B4FC2D5D8.gr7.ap-south-1.eks.amazonaws.com",
      "type": "string"
    },
    "kubeconfig-certificate-authority-data": {
      "value": "LS0tLS1CRUdJTiBDRVJUSUZJQ0FURS0tLS0tCk1JSUMvakNDQWVhZ0F3SUJBZ0lCQURBTkJna3Foa2lHOXcwQkFRc0ZBREFWTVJNd0VRWURWUVFERXdwcmRXSmwKY201bGRHVnpNQjRYRFRJeU1URXhOREEwTWpjME9Wb1hEVE15TVRFeE1UQTBNamMwT1Zvd0ZURVRNQkVHQTFVRQpBeE1LYTNWaVpYSnVaWFJsY3pDQ0FTSXdEUVlKS29aSWh2Y05BUUVCQlFBRGdnRVBBRENDQVFvQ2dnRUJBTWVxCmNNVUdmUFA2YitLeWlFRUU3UUR2cWtFUkVocnJnWWRSYUIwd3hwNlkvQURSdnFDRjhMSFd0dEpYTnNoaDQyNlcKN1FEUEdrVUJxck1vZTl0V3d5U0lIQk1nVWYzNGF4ZXVPanZpVGMyanZRVjc3V1VmL09XZ21CVDNJV2FaMFZuMApqVThiSmd4M0kySFBHQ1hTK093TzU5QUo2MGlLSHh3aUJmTzNLQTNDa3paTWxXYXhFRVVBRjI2SzFUVmdRYmRvClhxMThpQUpNNkZkVGxDcHN6L1RCcHFxOThuN3MwQjZCcU1yM3BiTEFVODlGODJqcDlqdFBIb3l2QlpsT2Y0VkEKS0hqQ0ZHa3FJeFp3QjYyeHl0ODM0S01RcCszWjJBSm4zR0dwMVlpWFlWN0cyTU5TNVA3NWlnRDRwWFpGQVowKwpkZVFhN2dETmxoNGlUbEJUZnNFQ0F3RUFBYU5aTUZjd0RnWURWUjBQQVFIL0JBUURBZ0trTUE4R0ExVWRFd0VCCi93UUZNQU1CQWY4d0hRWURWUjBPQkJZRUZQZVVZMzV5VmkxOHRiUGE3cmxST2RacTQ1TC9NQlVHQTFVZEVRUU8KTUF5Q0NtdDFZbVZ5Ym1WMFpYTXdEUVlKS29aSWh2Y05BUUVMQlFBRGdnRUJBSnpIK1RMK29GWmk3UjhXMGJYdgpsR1kvUWxab0c4cGloNmtYRjdFSFB4ZmFhWEpxRVJQTkFiUlhTallhdjJ0ZG9raXIzS3ZheGY2NkVQTmtmMHRpCkpRSFNTcjFNcS9ZNDdDZ2hHTlRMQTdkbHA4NHdXU0M2TmNLWUdscGxjUFBQQnVnZDAzbVBLM204RVhBMElna3kKbTJlNmc1M3JjZG9OaGxOY01iWXlOVGFSNm9tZFE2cUdmcm1qYjcwei9tOUhZYnlsTzlacXRjQWFzbGdkSmZCZQpPY0tzS2FnbkFSNU5hQ2xCNTUxWnc3NmEvV25TUGxNc2p3K253a3RqcmtmcHZGbDhEL3kvY050OTZmeHhmWWJUClhaaVRFZDVkbGxvU2FvMzUySHF0TWp3THVnOXFKZzB6c21td2FpbXplZ01WQUdEY3hxWTVoN2FqM2ErdHRxaTgKTWw0PQotLS0tLUVORCBDRVJUSUZJQ0FURS0tLS0tCg==",
      "type": "string"
    }
  },
  "resources": [
    {
      "mode": "managed",
      "type": "aws_eks_cluster",
      "name": "example",
      "provider": "provider[\"registry.terraform.io/hashicorp/aws\"]",
      "instances": [
        {
          "schema_version": 0,
          "attributes": {
            "arn": "arn:aws:eks:ap-south-1:233751584262:cluster/example",
            "certificate_authority": [
              {
                "data": "LS0tLS1CRUdJTiBDRVJUSUZJQ0FURS0tLS0tCk1JSUMvakNDQWVhZ0F3SUJBZ0lCQURBTkJna3Foa2lHOXcwQkFRc0ZBREFWTVJNd0VRWURWUVFERXdwcmRXSmwKY201bGRHVnpNQjRYRFRJeU1URXhOREEwTWpjME9Wb1hEVE15TVRFeE1UQTBNamMwT1Zvd0ZURVRNQkVHQTFVRQpBeE1LYTNWaVpYSnVaWFJsY3pDQ0FTSXdEUVlKS29aSWh2Y05BUUVCQlFBRGdnRVBBRENDQVFvQ2dnRUJBTWVxCmNNVUdmUFA2YitLeWlFRUU3UUR2cWtFUkVocnJnWWRSYUIwd3hwNlkvQURSdnFDRjhMSFd0dEpYTnNoaDQyNlcKN1FEUEdrVUJxck1vZTl0V3d5U0lIQk1nVWYzNGF4ZXVPanZpVGMyanZRVjc3V1VmL09XZ21CVDNJV2FaMFZuMApqVThiSmd4M0kySFBHQ1hTK093TzU5QUo2MGlLSHh3aUJmTzNLQTNDa3paTWxXYXhFRVVBRjI2SzFUVmdRYmRvClhxMThpQUpNNkZkVGxDcHN6L1RCcHFxOThuN3MwQjZCcU1yM3BiTEFVODlGODJqcDlqdFBIb3l2QlpsT2Y0VkEKS0hqQ0ZHa3FJeFp3QjYyeHl0ODM0S01RcCszWjJBSm4zR0dwMVlpWFlWN0cyTU5TNVA3NWlnRDRwWFpGQVowKwpkZVFhN2dETmxoNGlUbEJUZnNFQ0F3RUFBYU5aTUZjd0RnWURWUjBQQVFIL0JBUURBZ0trTUE4R0ExVWRFd0VCCi93UUZNQU1CQWY4d0hRWURWUjBPQkJZRUZQZVVZMzV5VmkxOHRiUGE3cmxST2RacTQ1TC9NQlVHQTFVZEVRUU8KTUF5Q0NtdDFZbVZ5Ym1WMFpYTXdEUVlKS29aSWh2Y05BUUVMQlFBRGdnRUJBSnpIK1RMK29GWmk3UjhXMGJYdgpsR1kvUWxab0c4cGloNmtYRjdFSFB4ZmFhWEpxRVJQTkFiUlhTallhdjJ0ZG9raXIzS3ZheGY2NkVQTmtmMHRpCkpRSFNTcjFNcS9ZNDdDZ2hHTlRMQTdkbHA4NHdXU0M2TmNLWUdscGxjUFBQQnVnZDAzbVBLM204RVhBMElna3kKbTJlNmc1M3JjZG9OaGxOY01iWXlOVGFSNm9tZFE2cUdmcm1qYjcwei9tOUhZYnlsTzlacXRjQWFzbGdkSmZCZQpPY0tzS2FnbkFSNU5hQ2xCNTUxWnc3NmEvV25TUGxNc2p3K253a3RqcmtmcHZGbDhEL3kvY050OTZmeHhmWWJUClhaaVRFZDVkbGxvU2FvMzUySHF0TWp3THVnOXFKZzB6c21td2FpbXplZ01WQUdEY3hxWTVoN2FqM2ErdHRxaTgKTWw0PQotLS0tLUVORCBDRVJUSUZJQ0FURS0tLS0tCg=="
              }
            ],
            "created_at": "2022-11-14 04:23:14.845 +0000 UTC",
            "enabled_cluster_log_types": null,
            "encryption_config": [],
            "endpoint": "https://E2BEE0F4848CCCA8F5C2715B4FC2D5D8.gr7.ap-south-1.eks.amazonaws.com",
            "id": "example",
            "identity": [
              {
                "oidc": [
                  {
                    "issuer": "https://oidc.eks.ap-south-1.amazonaws.com/id/E2BEE0F4848CCCA8F5C2715B4FC2D5D8"
                  }
                ]
              }
            ],
            "kubernetes_network_config": [
              {
                "ip_family": "ipv4",
                "service_ipv4_cidr": "172.20.0.0/16",
                "service_ipv6_cidr": ""
              }
            ],
            "name": "example",
            "outpost_config": [],
            "platform_version": "eks.3",
            "role_arn": "arn:aws:iam::233751584262:role/eks-cluster-example",
            "status": "ACTIVE",
            "tags": null,
            "tags_all": {},
            "timeouts": null,
            "version": "1.23",
            "vpc_config": [
              {
                "cluster_security_group_id": "sg-0284e673c96323d2f",
                "endpoint_private_access": false,
                "endpoint_public_access": true,
                "public_access_cidrs": [
                  "0.0.0.0/0"
                ],
                "security_group_ids": null,
                "subnet_ids": [
                  "subnet-02c2fe48e0b36b37c",
                  "subnet-049158cc73f71df1d"
                ],
                "vpc_id": "vpc-07d424ec966599833"
              }
            ]
          },
          "sensitive_attributes": [],
          "private": "eyJlMmJmYjczMC1lY2FhLTExZTYtOGY4OC0zNDM2M2JjN2M0YzAiOnsiY3JlYXRlIjoxODAwMDAwMDAwMDAwLCJkZWxldGUiOjkwMDAwMDAwMDAwMCwidXBkYXRlIjozNjAwMDAwMDAwMDAwfX0=",
          "dependencies": [
            "aws_iam_role.example",
            "aws_iam_role_policy_attachment.example-AmazonEKSClusterPolicy",
            "aws_iam_role_policy_attachment.example-AmazonEKSVPCResourceController",
            "aws_subnet.Websubnet-1",
            "aws_subnet.Websubnet-2",
            "aws_vpc.ProjectVpc"
          ]
        }
      ]
    },
    {
      "mode": "managed",
      "type": "aws_iam_role",
      "name": "example",
      "provider": "provider[\"registry.terraform.io/hashicorp/aws\"]",
      "instances": [
        {
          "schema_version": 0,
          "attributes": {
            "arn": "arn:aws:iam::233751584262:role/eks-cluster-example",
            "assume_role_policy": "{\"Statement\":[{\"Action\":\"sts:AssumeRole\",\"Effect\":\"Allow\",\"Principal\":{\"Service\":\"eks.amazonaws.com\"}}],\"Version\":\"2012-10-17\"}",
            "create_date": "2022-11-14T04:22:59Z",
            "description": "",
            "force_detach_policies": false,
            "id": "eks-cluster-example",
            "inline_policy": [],
            "managed_policy_arns": [],
            "max_session_duration": 3600,
            "name": "eks-cluster-example",
            "name_prefix": "",
            "path": "/",
            "permissions_boundary": null,
            "tags": null,
            "tags_all": {},
            "unique_id": "AROATM3FODYDLDWYRPGMS"
          },
          "sensitive_attributes": [],
          "private": "bnVsbA=="
        }
      ]
    },
    {
      "mode": "managed",
      "type": "aws_iam_role_policy_attachment",
      "name": "example-AmazonEKSClusterPolicy",
      "provider": "provider[\"registry.terraform.io/hashicorp/aws\"]",
      "instances": [
        {
          "schema_version": 0,
          "attributes": {
            "id": "eks-cluster-example-20221114042259896900000001",
            "policy_arn": "arn:aws:iam::aws:policy/AmazonEKSClusterPolicy",
            "role": "eks-cluster-example"
          },
          "sensitive_attributes": [],
          "private": "bnVsbA==",
          "dependencies": [
            "aws_iam_role.example"
          ]
        }
      ]
    },
    {
      "mode": "managed",
      "type": "aws_iam_role_policy_attachment",
      "name": "example-AmazonEKSVPCResourceController",
      "provider": "provider[\"registry.terraform.io/hashicorp/aws\"]",
      "instances": [
        {
          "schema_version": 0,
          "attributes": {
            "id": "eks-cluster-example-20221114042300203400000002",
            "policy_arn": "arn:aws:iam::aws:policy/AmazonEKSVPCResourceController",
            "role": "eks-cluster-example"
          },
          "sensitive_attributes": [],
          "private": "bnVsbA==",
          "dependencies": [
            "aws_iam_role.example"
          ]
        }
      ]
    },
    {
      "mode": "managed",
      "type": "aws_subnet",
      "name": "Appsubnet-1",
      "provider": "provider[\"registry.terraform.io/hashicorp/aws\"]",
      "instances": [
        {
          "schema_version": 1,
          "attributes": {
            "arn": "arn:aws:ec2:ap-south-1:233751584262:subnet/subnet-03c4f2199a1a3e893",
            "assign_ipv6_address_on_creation": false,
            "availability_zone": "ap-south-1a",
            "availability_zone_id": "aps1-az1",
            "cidr_block": "10.0.3.0/24",
            "customer_owned_ipv4_pool": "",
            "enable_dns64": false,
            "enable_resource_name_dns_a_record_on_launch": false,
            "enable_resource_name_dns_aaaa_record_on_launch": false,
            "id": "subnet-03c4f2199a1a3e893",
            "ipv6_cidr_block": "",
            "ipv6_cidr_block_association_id": "",
            "ipv6_native": false,
            "map_customer_owned_ip_on_launch": false,
            "map_public_ip_on_launch": false,
            "outpost_arn": "",
            "owner_id": "233751584262",
            "private_dns_hostname_type_on_launch": "ip-name",
            "tags": {
              "Name": "App Subnet 1"
            },
            "tags_all": {
              "Name": "App Subnet 1"
            },
            "timeouts": null,
            "vpc_id": "vpc-07d424ec966599833"
          },
          "sensitive_attributes": [],
          "private": "eyJlMmJmYjczMC1lY2FhLTExZTYtOGY4OC0zNDM2M2JjN2M0YzAiOnsiY3JlYXRlIjo2MDAwMDAwMDAwMDAsImRlbGV0ZSI6MTIwMDAwMDAwMDAwMH0sInNjaGVtYV92ZXJzaW9uIjoiMSJ9",
          "dependencies": [
            "aws_vpc.ProjectVpc"
          ]
        }
      ]
    },
    {
      "mode": "managed",
      "type": "aws_subnet",
      "name": "Websubnet-1",
      "provider": "provider[\"registry.terraform.io/hashicorp/aws\"]",
      "instances": [
        {
          "schema_version": 1,
          "attributes": {
            "arn": "arn:aws:ec2:ap-south-1:233751584262:subnet/subnet-049158cc73f71df1d",
            "assign_ipv6_address_on_creation": false,
            "availability_zone": "ap-south-1a",
            "availability_zone_id": "aps1-az1",
            "cidr_block": "10.0.1.0/24",
            "customer_owned_ipv4_pool": "",
            "enable_dns64": false,
            "enable_resource_name_dns_a_record_on_launch": false,
            "enable_resource_name_dns_aaaa_record_on_launch": false,
            "id": "subnet-049158cc73f71df1d",
            "ipv6_cidr_block": "",
            "ipv6_cidr_block_association_id": "",
            "ipv6_native": false,
            "map_customer_owned_ip_on_launch": false,
            "map_public_ip_on_launch": true,
            "outpost_arn": "",
            "owner_id": "233751584262",
            "private_dns_hostname_type_on_launch": "ip-name",
            "tags": {
              "Name": "Subnet 1"
            },
            "tags_all": {
              "Name": "Subnet 1"
            },
            "timeouts": null,
            "vpc_id": "vpc-07d424ec966599833"
          },
          "sensitive_attributes": [],
          "private": "eyJlMmJmYjczMC1lY2FhLTExZTYtOGY4OC0zNDM2M2JjN2M0YzAiOnsiY3JlYXRlIjo2MDAwMDAwMDAwMDAsImRlbGV0ZSI6MTIwMDAwMDAwMDAwMH0sInNjaGVtYV92ZXJzaW9uIjoiMSJ9",
          "dependencies": [
            "aws_vpc.ProjectVpc"
          ]
        }
      ]
    },
    {
      "mode": "managed",
      "type": "aws_subnet",
      "name": "Websubnet-2",
      "provider": "provider[\"registry.terraform.io/hashicorp/aws\"]",
      "instances": [
        {
          "schema_version": 1,
          "attributes": {
            "arn": "arn:aws:ec2:ap-south-1:233751584262:subnet/subnet-02c2fe48e0b36b37c",
            "assign_ipv6_address_on_creation": false,
            "availability_zone": "ap-south-1b",
            "availability_zone_id": "aps1-az3",
            "cidr_block": "10.0.2.0/24",
            "customer_owned_ipv4_pool": "",
            "enable_dns64": false,
            "enable_resource_name_dns_a_record_on_launch": false,
            "enable_resource_name_dns_aaaa_record_on_launch": false,
            "id": "subnet-02c2fe48e0b36b37c",
            "ipv6_cidr_block": "",
            "ipv6_cidr_block_association_id": "",
            "ipv6_native": false,
            "map_customer_owned_ip_on_launch": false,
            "map_public_ip_on_launch": true,
            "outpost_arn": "",
            "owner_id": "233751584262",
            "private_dns_hostname_type_on_launch": "ip-name",
            "tags": {
              "Name": "Subnet 2"
            },
            "tags_all": {
              "Name": "Subnet 2"
            },
            "timeouts": null,
            "vpc_id": "vpc-07d424ec966599833"
          },
          "sensitive_attributes": [],
          "private": "eyJlMmJmYjczMC1lY2FhLTExZTYtOGY4OC0zNDM2M2JjN2M0YzAiOnsiY3JlYXRlIjo2MDAwMDAwMDAwMDAsImRlbGV0ZSI6MTIwMDAwMDAwMDAwMH0sInNjaGVtYV92ZXJzaW9uIjoiMSJ9",
          "dependencies": [
            "aws_vpc.ProjectVpc"
          ]
        }
      ]
    },
    {
      "mode": "managed",
      "type": "aws_vpc",
      "name": "ProjectVpc",
      "provider": "provider[\"registry.terraform.io/hashicorp/aws\"]",
      "instances": [
        {
          "schema_version": 1,
          "attributes": {
            "arn": "arn:aws:ec2:ap-south-1:233751584262:vpc/vpc-07d424ec966599833",
            "assign_generated_ipv6_cidr_block": false,
            "cidr_block": "10.0.0.0/16",
            "default_network_acl_id": "acl-0c9e18d6919e8b5a1",
            "default_route_table_id": "rtb-0cc85fcf426c5894e",
            "default_security_group_id": "sg-006c8ef5f47a0bc02",
            "dhcp_options_id": "dopt-197cf771",
            "enable_classiclink": false,
            "enable_classiclink_dns_support": false,
            "enable_dns_hostnames": false,
            "enable_dns_support": true,
            "enable_network_address_usage_metrics": false,
            "id": "vpc-07d424ec966599833",
            "instance_tenancy": "default",
            "ipv4_ipam_pool_id": null,
            "ipv4_netmask_length": null,
            "ipv6_association_id": "",
            "ipv6_cidr_block": "",
            "ipv6_cidr_block_network_border_group": "",
            "ipv6_ipam_pool_id": "",
            "ipv6_netmask_length": 0,
            "main_route_table_id": "rtb-0cc85fcf426c5894e",
            "owner_id": "233751584262",
            "tags": {
              "Name": "Project VPC"
            },
            "tags_all": {
              "Name": "Project VPC"
            }
          },
          "sensitive_attributes": [],
          "private": "eyJzY2hlbWFfdmVyc2lvbiI6IjEifQ=="
        }
      ]
    }
  ],
  "check_results": []
}
